<?xml version="1.0" encoding="utf-8"?>
<Project ToolsVersion="4.0" xmlns="http://schemas.microsoft.com/developer/msbuild/2003">
  <ItemGroup>
    <Filter Include="Исходные файлы">
      <UniqueIdentifier>{4FC737F1-C7A5-4376-A066-2A32D752A2FF}</UniqueIdentifier>
      <Extensions>cpp;c;cc;cxx;c++;cppm;ixx;def;odl;idl;hpj;bat;asm;asmx</Extensions>
    </Filter>
    <Filter Include="Файлы заголовков">
      <UniqueIdentifier>{93995380-89BD-4b04-88EB-625FBE52EBFB}</UniqueIdentifier>
      <Extensions>h;hh;hpp;hxx;h++;hm;inl;inc;ipp;xsd</Extensions>
    </Filter>
    <Filter Include="Файлы ресурсов">
      <UniqueIdentifier>{67DA6AB6-F800-4c08-8B7A-83BB121AAD01}</UniqueIdentifier>
      <Extensions>rc;ico;cur;bmp;dlg;rc2;rct;bin;rgs;gif;jpg;jpeg;jpe;resx;tiff;tif;png;wav;mfcribbon-ms</Extensions>
    </Filter>
  </ItemGroup>
  <ItemGroup>
    <ClCompile Include="main.cpp">
      <Filter>Исходные файлы</Filter>
    </ClCompile>
    <ClCompile Include="HuffmanTree.cpp">
      <Filter>Исходные файлы</Filter>
    </ClCompile>
    <ClCompile Include="StreamScanner.cpp">
      <Filter>Исходные файлы</Filter>
    </ClCompile>
    <ClCompile Include="FmtGuard.cpp">
      <Filter>Исходные файлы</Filter>
    </ClCompile>
    <ClCompile Include="EncodingTable.cpp">
      <Filter>Исходные файлы</Filter>
    </ClCompile>
    <ClCompile Include="Commander.cpp">
      <Filter>Исходные файлы</Filter>
    </ClCompile>
    <ClCompile Include="Commands.cpp">
      <Filter>Исходные файлы</Filter>
    </ClCompile>
    <ClCompile Include="DecodingTable.cpp">
      <Filter>Исходные файлы</Filter>
    </ClCompile>
  </ItemGroup>
  <ItemGroup>
    <ClInclude Include="HuffmanTree.h">
      <Filter>Файлы заголовков</Filter>
    </ClInclude>
    <ClInclude Include="StreamScanner.h">
      <Filter>Файлы заголовков</Filter>
    </ClInclude>
    <ClInclude Include="FmtGuard.h">
      <Filter>Файлы заголовков</Filter>
    </ClInclude>
    <ClInclude Include="EncodingTable.h">
      <Filter>Файлы заголовков</Filter>
    </ClInclude>
    <ClInclude Include="Constants.h">
      <Filter>Файлы заголовков</Filter>
    </ClInclude>
    <ClInclude Include="Commander.h">
      <Filter>Файлы заголовков</Filter>
    </ClInclude>
    <ClInclude Include="Commands.h">
      <Filter>Файлы заголовков</Filter>
    </ClInclude>
    <ClInclude Include="Exceptions.h">
      <Filter>Файлы заголовков</Filter>
    </ClInclude>
    <ClInclude Include="DecodingTable.h">
      <Filter>Файлы заголовков</Filter>
    </ClInclude>
  </ItemGroup>
  <ItemGroup>
    <Text Include="test_ru.txt">
      <Filter>Файлы ресурсов</Filter>
    </Text>
    <Text Include="test_en.txt">
      <Filter>Файлы ресурсов</Filter>
    </Text>
    <Text Include="test_small.txt">
      <Filter>Файлы ресурсов</Filter>
    </Text>
    <Text Include="test_medium.txt">
      <Filter>Файлы ресурсов</Filter>
    </Text>
    <Text Include="test_big.txt">
      <Filter>Файлы ресурсов</Filter>
    </Text>
    <Text Include="test_very_big.txt">
      <Filter>Файлы ресурсов</Filter>
    </Text>
    <Text Include="bible.txt">
      <Filter>Файлы ресурсов</Filter>
    </Text>
  </ItemGroup>
  <ItemGroup>
    <None Include="ClassDiagram.cd" />
  </ItemGroup>
</Project>